
Microsoft Visual Studio Solution File, Format Version 12.00
# Visual Studio Version 17
VisualStudioVersion = 17.14.36623.8 d17.14
MinimumVisualStudioVersion = 10.0.40219.1
Project("{FAE04EC0-301F-11D3-BF4B-00C04F79EFBC}") = "BridgeLabzApp", "BridgeLabzApp.csproj", "{BE54EFB3-5428-4748-BD0E-408D6B4FB381}"
EndProject
Global
	GlobalSection(SolutionConfigurationPlatforms) = preSolution
		Debug|Any CPU = Debug|Any CPU
		Release|Any CPU = Release|Any CPU
	EndGlobalSection
	GlobalSection(ProjectConfigurationPlatforms) = postSolution
		{BE54EFB3-5428-4748-BD0E-408D6B4FB381}.Debug|Any CPU.ActiveCfg = Debug|Any CPU
		{BE54EFB3-5428-4748-BD0E-408D6B4FB381}.Debug|Any CPU.Build.0 = Debug|Any CPU
		{BE54EFB3-5428-4748-BD0E-408D6B4FB381}.Release|Any CPU.ActiveCfg = Release|Any CPU
		{BE54EFB3-5428-4748-BD0E-408D6B4FB381}.Release|Any CPU.Build.0 = Release|Any CPU
	EndGlobalSection
	GlobalSection(SolutionProperties) = preSolution
		HideSolutionNode = FALSE
	EndGlobalSection
	GlobalSection(ExtensibilityGlobals) = postSolution
		SolutionGuid = {7BAA4C01-6016-466C-A604-30C7787257A7}
	EndGlobalSection
EndGlobal
